
Microsoft Visual Studio Solution File, Format Version 12.00
# Visual Studio Version 16
VisualStudioVersion = 16.0.29613.14
MinimumVisualStudioVersion = 10.0.40219.1
Project("{FAE04EC0-301F-11D3-BF4B-00C04F79EFBC}") = "SimpleCalculator", "SimpleCalculator\SimpleCalculator.csproj", "{FBA9E8CF-EE32-4FA0-99CB-01AB91F5B60E}"
EndProject
Global
	GlobalSection(SolutionConfigurationPlatforms) = preSolution
		Debug|Any CPU = Debug|Any CPU
		Release|Any CPU = Release|Any CPU
	EndGlobalSection
	GlobalSection(ProjectConfigurationPlatforms) = postSolution
		{FBA9E8CF-EE32-4FA0-99CB-01AB91F5B60E}.Debug|Any CPU.ActiveCfg = Debug|Any CPU
		{FBA9E8CF-EE32-4FA0-99CB-01AB91F5B60E}.Debug|Any CPU.Build.0 = Debug|Any CPU
		{FBA9E8CF-EE32-4FA0-99CB-01AB91F5B60E}.Release|Any CPU.ActiveCfg = Release|Any CPU
		{FBA9E8CF-EE32-4FA0-99CB-01AB91F5B60E}.Release|Any CPU.Build.0 = Release|Any CPU
	EndGlobalSection
	GlobalSection(SolutionProperties) = preSolution
		HideSolutionNode = FALSE
	EndGlobalSection
	GlobalSection(ExtensibilityGlobals) = postSolution
		SolutionGuid = {D2892D17-0D43-45ED-8E8A-43DECD636DDA}
	EndGlobalSection
EndGlobal
